
Microsoft Visual Studio Solution File, Format Version 12.00
# Visual Studio Version 16
VisualStudioVersion = 16.0.30717.126
MinimumVisualStudioVersion = 10.0.40219.1
Project("{8BC9CEB8-8B4A-11D0-8D11-00A0C91BC942}") = "Extended Euclidean Algorithm", "Extended Euclidean Algorithm.vcxproj", "{76B0C604-BDBD-490F-8993-68053E48A55D}"
EndProject
Global
	GlobalSection(SolutionConfigurationPlatforms) = preSolution
		Debug|x64 = Debug|x64
		Debug|x86 = Debug|x86
		Release|x64 = Release|x64
		Release|x86 = Release|x86
	EndGlobalSection
	GlobalSection(ProjectConfigurationPlatforms) = postSolution
		{76B0C604-BDBD-490F-8993-68053E48A55D}.Debug|x64.ActiveCfg = Debug|x64
		{76B0C604-BDBD-490F-8993-68053E48A55D}.Debug|x64.Build.0 = Debug|x64
		{76B0C604-BDBD-490F-8993-68053E48A55D}.Debug|x86.ActiveCfg = Debug|Win32
		{76B0C604-BDBD-490F-8993-68053E48A55D}.Debug|x86.Build.0 = Debug|Win32
		{76B0C604-BDBD-490F-8993-68053E48A55D}.Release|x64.ActiveCfg = Release|x64
		{76B0C604-BDBD-490F-8993-68053E48A55D}.Release|x64.Build.0 = Release|x64
		{76B0C604-BDBD-490F-8993-68053E48A55D}.Release|x86.ActiveCfg = Release|Win32
		{76B0C604-BDBD-490F-8993-68053E48A55D}.Release|x86.Build.0 = Release|Win32
	EndGlobalSection
	GlobalSection(SolutionProperties) = preSolution
		HideSolutionNode = FALSE
	EndGlobalSection
	GlobalSection(ExtensibilityGlobals) = postSolution
		SolutionGuid = {CBE09C7B-B7AC-40C4-A71A-FCD04E39AF54}
	EndGlobalSection
EndGlobal
