
Microsoft Visual Studio Solution File, Format Version 12.00
# Visual Studio Version 16
VisualStudioVersion = 16.0.30717.126
MinimumVisualStudioVersion = 10.0.40219.1
Project("{8BC9CEB8-8B4A-11D0-8D11-00A0C91BC942}") = "Fast Exponentiation Algorithm", "Fast Exponentiation Algorithm.vcxproj", "{7CC948D4-9AC3-4EE1-A243-0680B7579761}"
EndProject
Global
	GlobalSection(SolutionConfigurationPlatforms) = preSolution
		Debug|x64 = Debug|x64
		Debug|x86 = Debug|x86
		Release|x64 = Release|x64
		Release|x86 = Release|x86
	EndGlobalSection
	GlobalSection(ProjectConfigurationPlatforms) = postSolution
		{7CC948D4-9AC3-4EE1-A243-0680B7579761}.Debug|x64.ActiveCfg = Debug|x64
		{7CC948D4-9AC3-4EE1-A243-0680B7579761}.Debug|x64.Build.0 = Debug|x64
		{7CC948D4-9AC3-4EE1-A243-0680B7579761}.Debug|x86.ActiveCfg = Debug|Win32
		{7CC948D4-9AC3-4EE1-A243-0680B7579761}.Debug|x86.Build.0 = Debug|Win32
		{7CC948D4-9AC3-4EE1-A243-0680B7579761}.Release|x64.ActiveCfg = Release|x64
		{7CC948D4-9AC3-4EE1-A243-0680B7579761}.Release|x64.Build.0 = Release|x64
		{7CC948D4-9AC3-4EE1-A243-0680B7579761}.Release|x86.ActiveCfg = Release|Win32
		{7CC948D4-9AC3-4EE1-A243-0680B7579761}.Release|x86.Build.0 = Release|Win32
	EndGlobalSection
	GlobalSection(SolutionProperties) = preSolution
		HideSolutionNode = FALSE
	EndGlobalSection
	GlobalSection(ExtensibilityGlobals) = postSolution
		SolutionGuid = {84A192B6-18F1-4CB3-9287-8287446ECA2A}
	EndGlobalSection
EndGlobal
